<?xml version="1.0" encoding="utf-8"?>
<Project ToolsVersion="4.0" xmlns="http://schemas.microsoft.com/developer/msbuild/2003">
  <ItemGroup>
    <Filter Include="Source Files">
      <UniqueIdentifier>{4FC737F1-C7A5-4376-A066-2A32D752A2FF}</UniqueIdentifier>
      <Extensions>cpp;c;cc;cxx;def;odl;idl;hpj;bat;asm;asmx</Extensions>
    </Filter>
    <Filter Include="Header Files">
      <UniqueIdentifier>{93995380-89BD-4b04-88EB-625FBE52EBFB}</UniqueIdentifier>
      <Extensions>h;hh;hpp;hxx;hm;inl;inc;xsd</Extensions>
    </Filter>
  </ItemGroup>
  <ItemGroup>
    <ClInclude Include="VectorPatch.h">
      <Filter>Header Files</Filter>
    </ClInclude>
    <ClInclude Include="Cell.h">
      <Filter>Header Files</Filter>
    </ClInclude>
    <ClInclude Include="ChargeProjector.h">
      <Filter>Header Files</Filter>
    </ClInclude>
    <ClInclude Include="Face.h">
      <Filter>Header Files</Filter>
    </ClInclude>
    <ClInclude Include="FDTD.h">
      <Filter>Header Files</Filter>
    </ClInclude>
    <ClInclude Include="FieldInterpolator.h">
      <Filter>Header Files</Filter>
    </ClInclude>
    <ClInclude Include="FieldSolver.h">
      <Filter>Header Files</Filter>
    </ClInclude>
    <ClInclude Include="MCC.h">
      <Filter>Header Files</Filter>
    </ClInclude>
    <ClInclude Include="Mesh.h">
      <Filter>Header Files</Filter>
    </ClInclude>
    <ClInclude Include="Node.h">
      <Filter>Header Files</Filter>
    </ClInclude>
    <ClInclude Include="Parameters.h">
      <Filter>Header Files</Filter>
    </ClInclude>
    <ClInclude Include="Particle.h">
      <Filter>Header Files</Filter>
    </ClInclude>
    <ClInclude Include="ParticlePusher.h">
      <Filter>Header Files</Filter>
    </ClInclude>
    <ClInclude Include="Patch.h">
      <Filter>Header Files</Filter>
    </ClInclude>
    <ClInclude Include="Simulation.h">
      <Filter>Header Files</Filter>
    </ClInclude>
    <ClInclude Include="Timer.h">
      <Filter>Header Files</Filter>
    </ClInclude>
    <ClInclude Include="VectorCell.h">
      <Filter>Header Files</Filter>
    </ClInclude>
    <ClInclude Include="VectorFace.h">
      <Filter>Header Files</Filter>
    </ClInclude>
    <ClInclude Include="VectorNode.h">
      <Filter>Header Files</Filter>
    </ClInclude>
    <ClInclude Include="VectorParticle.h">
      <Filter>Header Files</Filter>
    </ClInclude>
    <ClInclude Include="COMM\assert_mk.hpp">
      <Filter>Header Files</Filter>
    </ClInclude>
    <ClInclude Include="COMM\codelocation.hpp">
      <Filter>Header Files</Filter>
    </ClInclude>
    <ClInclude Include="COMM\common.hpp">
      <Filter>Header Files</Filter>
    </ClInclude>
    <ClInclude Include="COMM\commonAPI.hpp">
      <Filter>Header Files</Filter>
    </ClInclude>
    <ClInclude Include="COMM\error_check.hpp">
      <Filter>Header Files</Filter>
    </ClInclude>
    <ClInclude Include="COMM\error_codes.hpp">
      <Filter>Header Files</Filter>
    </ClInclude>
    <ClInclude Include="COMM\error_exception.hpp">
      <Filter>Header Files</Filter>
    </ClInclude>
    <ClInclude Include="COMM\exportAPI.hpp">
      <Filter>Header Files</Filter>
    </ClInclude>
    <ClInclude Include="COMM\fileHandle.hpp">
      <Filter>Header Files</Filter>
    </ClInclude>
    <ClInclude Include="COMM\map1D.hpp">
      <Filter>Header Files</Filter>
    </ClInclude>
    <ClInclude Include="COMM\MultiVector.hpp">
      <Filter>Header Files</Filter>
    </ClInclude>
    <ClInclude Include="COMM\noncopyable.hpp">
      <Filter>Header Files</Filter>
    </ClInclude>
    <ClInclude Include="COMM\noninstantiable.hpp">
      <Filter>Header Files</Filter>
    </ClInclude>
    <ClInclude Include="COMM\processorinfo.hpp">
      <Filter>Header Files</Filter>
    </ClInclude>
    <ClInclude Include="COMM\readdatafromstring.hpp">
      <Filter>Header Files</Filter>
    </ClInclude>
    <ClInclude Include="COMM\StringOps.hpp">
      <Filter>Header Files</Filter>
    </ClInclude>
    <ClInclude Include="COMM\timer.hpp">
      <Filter>Header Files</Filter>
    </ClInclude>
    <ClInclude Include="COMM\utilities.hpp">
      <Filter>Header Files</Filter>
    </ClInclude>
    <ClInclude Include="COMM\VectorCompare.hpp">
      <Filter>Header Files</Filter>
    </ClInclude>
    <ClInclude Include="COMM\version.hpp">
      <Filter>Header Files</Filter>
    </ClInclude>
    <ClInclude Include="GRID\cell.hpp">
      <Filter>Header Files</Filter>
    </ClInclude>
    <ClInclude Include="GRID\connection.hpp">
      <Filter>Header Files</Filter>
    </ClInclude>
    <ClInclude Include="GRID\element.hpp">
      <Filter>Header Files</Filter>
    </ClInclude>
    <ClInclude Include="GRID\face.hpp">
      <Filter>Header Files</Filter>
    </ClInclude>
    <ClInclude Include="GRID\geometry.hpp">
      <Filter>Header Files</Filter>
    </ClInclude>
    <ClInclude Include="GRID\grid.hpp">
      <Filter>Header Files</Filter>
    </ClInclude>
    <ClInclude Include="GRID\grid_def.hpp">
      <Filter>Header Files</Filter>
    </ClInclude>
    <ClInclude Include="GRID\index.hpp">
      <Filter>Header Files</Filter>
    </ClInclude>
    <ClInclude Include="GRID\node.hpp">
      <Filter>Header Files</Filter>
    </ClInclude>
    <ClInclude Include="GRID\stencilinfo.hpp">
      <Filter>Header Files</Filter>
    </ClInclude>
    <ClInclude Include="MATH_MK\cal_area.hpp">
      <Filter>Header Files</Filter>
    </ClInclude>
    <ClInclude Include="MATH_MK\linear_algebra.hpp">
      <Filter>Header Files</Filter>
    </ClInclude>
    <ClInclude Include="MATH_MK\math_basic.hpp">
      <Filter>Header Files</Filter>
    </ClInclude>
    <ClInclude Include="MATH_MK\matrix.hpp">
      <Filter>Header Files</Filter>
    </ClInclude>
    <ClInclude Include="MATH_MK\random_number_fns.hpp">
      <Filter>Header Files</Filter>
    </ClInclude>
  </ItemGroup>
  <ItemGroup>
    <ClCompile Include="Cell.cpp">
      <Filter>Source Files</Filter>
    </ClCompile>
    <ClCompile Include="ChargeProjector.cpp">
      <Filter>Source Files</Filter>
    </ClCompile>
    <ClCompile Include="Face.cpp">
      <Filter>Source Files</Filter>
    </ClCompile>
    <ClCompile Include="FDTD.cpp">
      <Filter>Source Files</Filter>
    </ClCompile>
    <ClCompile Include="FieldInterpolator.cpp">
      <Filter>Source Files</Filter>
    </ClCompile>
    <ClCompile Include="FieldSolver.cpp">
      <Filter>Source Files</Filter>
    </ClCompile>
    <ClCompile Include="main.cpp">
      <Filter>Source Files</Filter>
    </ClCompile>
    <ClCompile Include="MCC.cpp">
      <Filter>Source Files</Filter>
    </ClCompile>
    <ClCompile Include="Mesh.cpp">
      <Filter>Source Files</Filter>
    </ClCompile>
    <ClCompile Include="Node.cpp">
      <Filter>Source Files</Filter>
    </ClCompile>
    <ClCompile Include="Parameters.cpp">
      <Filter>Source Files</Filter>
    </ClCompile>
    <ClCompile Include="Particle.cpp">
      <Filter>Source Files</Filter>
    </ClCompile>
    <ClCompile Include="ParticlePusher.cpp">
      <Filter>Source Files</Filter>
    </ClCompile>
    <ClCompile Include="Patch.cpp">
      <Filter>Source Files</Filter>
    </ClCompile>
    <ClCompile Include="Simulation.cpp">
      <Filter>Source Files</Filter>
    </ClCompile>
    <ClCompile Include="Timer.cpp">
      <Filter>Source Files</Filter>
    </ClCompile>
    <ClCompile Include="VectorCell.cpp">
      <Filter>Source Files</Filter>
    </ClCompile>
    <ClCompile Include="VectorFace.cpp">
      <Filter>Source Files</Filter>
    </ClCompile>
    <ClCompile Include="VectorNode.cpp">
      <Filter>Source Files</Filter>
    </ClCompile>
    <ClCompile Include="VectorParticle.cpp">
      <Filter>Source Files</Filter>
    </ClCompile>
    <ClCompile Include="VectorPatch.cpp">
      <Filter>Source Files</Filter>
    </ClCompile>
  </ItemGroup>
  <ItemGroup>
    <Text Include="inputs.txt" />
  </ItemGroup>
  <ItemGroup>
    <None Include="meshFile.su2" />
  </ItemGroup>
</Project>